
Microsoft Visual Studio Solution File, Format Version 12.00
# Visual Studio 2012
Project("{FAE04EC0-301F-11D3-BF4B-00C04F79EFBC}") = "AdmissionAndResult", "AdmissionAndResult\AdmissionAndResult.csproj", "{F55957F7-578C-45FA-97BA-FD94E6EF4C46}"
EndProject
Project("{FAE04EC0-301F-11D3-BF4B-00C04F79EFBC}") = "ProjectReports", "ProjectReports\ProjectReports.csproj", "{93C67185-7759-4862-A765-FA81E6BF7EC3}"
EndProject
Project("{FAE04EC0-301F-11D3-BF4B-00C04F79EFBC}") = "ORMLite.Tests", "ORMLite.Tests\ORMLite.Tests.csproj", "{61889009-614F-4E9F-A231-52F226E6F5A8}"
EndProject
Project("{FAE04EC0-301F-11D3-BF4B-00C04F79EFBC}") = "ORMLite", "ORMLite\ORMLite.csproj", "{83D68A9E-57A5-4BF7-8134-168F2133540E}"
EndProject
Project("{2150E333-8FDC-42A3-9474-1A3956D46DE8}") = "ORM", "ORM", "{187EA65C-E531-4974-9B5F-1D7A340F73F0}"
EndProject
Project("{2150E333-8FDC-42A3-9474-1A3956D46DE8}") = "ORMLite", "ORMLite", "{0E1B050F-6A01-4F6E-BA33-5EDB03A049A2}"
EndProject
Global
	GlobalSection(TeamFoundationVersionControl) = preSolution
		SccNumberOfProjects = 5
		SccEnterpriseProvider = {4CA58AB2-18FA-4F8D-95D4-32DDF27D184C}
		SccTeamFoundationServer = https://sunnygb.visualstudio.com/defaultcollection
		SccLocalPath0 = .
		SccProjectUniqueName1 = AdmissionAndResult\\AdmissionAndResult.csproj
		SccProjectName1 = AdmissionAndResult
		SccLocalPath1 = AdmissionAndResult
		SccProjectUniqueName2 = ProjectReports\\ProjectReports.csproj
		SccProjectName2 = ProjectReports
		SccLocalPath2 = ProjectReports
		SccProjectUniqueName3 = ORMLite.Tests\\ORMLite.Tests.csproj
		SccProjectTopLevelParentUniqueName3 = AdmissionAndResult.sln
		SccProjectName3 = ORMLite.Tests
		SccLocalPath3 = ORMLite.Tests
		SccProjectUniqueName4 = ORMLite\\ORMLite.csproj
		SccProjectTopLevelParentUniqueName4 = AdmissionAndResult.sln
		SccProjectName4 = ORMLite
		SccLocalPath4 = ORMLite
	EndGlobalSection
	GlobalSection(SolutionConfigurationPlatforms) = preSolution
		Debug|Any CPU = Debug|Any CPU
		Release|Any CPU = Release|Any CPU
	EndGlobalSection
	GlobalSection(ProjectConfigurationPlatforms) = postSolution
		{F55957F7-578C-45FA-97BA-FD94E6EF4C46}.Debug|Any CPU.ActiveCfg = Debug|Any CPU
		{F55957F7-578C-45FA-97BA-FD94E6EF4C46}.Debug|Any CPU.Build.0 = Debug|Any CPU
		{F55957F7-578C-45FA-97BA-FD94E6EF4C46}.Release|Any CPU.ActiveCfg = Release|Any CPU
		{F55957F7-578C-45FA-97BA-FD94E6EF4C46}.Release|Any CPU.Build.0 = Release|Any CPU
		{93C67185-7759-4862-A765-FA81E6BF7EC3}.Debug|Any CPU.ActiveCfg = Debug|Any CPU
		{93C67185-7759-4862-A765-FA81E6BF7EC3}.Debug|Any CPU.Build.0 = Debug|Any CPU
		{93C67185-7759-4862-A765-FA81E6BF7EC3}.Release|Any CPU.ActiveCfg = Release|Any CPU
		{93C67185-7759-4862-A765-FA81E6BF7EC3}.Release|Any CPU.Build.0 = Release|Any CPU
		{61889009-614F-4E9F-A231-52F226E6F5A8}.Debug|Any CPU.ActiveCfg = Debug|Any CPU
		{61889009-614F-4E9F-A231-52F226E6F5A8}.Debug|Any CPU.Build.0 = Debug|Any CPU
		{61889009-614F-4E9F-A231-52F226E6F5A8}.Release|Any CPU.ActiveCfg = Release|Any CPU
		{61889009-614F-4E9F-A231-52F226E6F5A8}.Release|Any CPU.Build.0 = Release|Any CPU
		{83D68A9E-57A5-4BF7-8134-168F2133540E}.Debug|Any CPU.ActiveCfg = Debug|Any CPU
		{83D68A9E-57A5-4BF7-8134-168F2133540E}.Debug|Any CPU.Build.0 = Debug|Any CPU
		{83D68A9E-57A5-4BF7-8134-168F2133540E}.Release|Any CPU.ActiveCfg = Release|Any CPU
		{83D68A9E-57A5-4BF7-8134-168F2133540E}.Release|Any CPU.Build.0 = Release|Any CPU
	EndGlobalSection
	GlobalSection(SolutionProperties) = preSolution
		HideSolutionNode = FALSE
	EndGlobalSection
	GlobalSection(NestedProjects) = preSolution
		{0E1B050F-6A01-4F6E-BA33-5EDB03A049A2} = {187EA65C-E531-4974-9B5F-1D7A340F73F0}
		{61889009-614F-4E9F-A231-52F226E6F5A8} = {0E1B050F-6A01-4F6E-BA33-5EDB03A049A2}
		{83D68A9E-57A5-4BF7-8134-168F2133540E} = {0E1B050F-6A01-4F6E-BA33-5EDB03A049A2}
	EndGlobalSection
EndGlobal
