
Microsoft Visual Studio Solution File, Format Version 12.00
# Visual Studio 14
VisualStudioVersion = 14.0.23107.0
MinimumVisualStudioVersion = 10.0.40219.1
Project("{FAE04EC0-301F-11D3-BF4B-00C04F79EFBC}") = "Clinical Reporting", "Clinical Reporting\Clinical Reporting.csproj", "{6DA86C02-9849-418E-9F3C-B86334955EAB}"
EndProject
Global
	GlobalSection(SolutionConfigurationPlatforms) = preSolution
		Debug|Any CPU = Debug|Any CPU
		Release|Any CPU = Release|Any CPU
	EndGlobalSection
	GlobalSection(ProjectConfigurationPlatforms) = postSolution
		{6DA86C02-9849-418E-9F3C-B86334955EAB}.Debug|Any CPU.ActiveCfg = Debug|Any CPU
		{6DA86C02-9849-418E-9F3C-B86334955EAB}.Debug|Any CPU.Build.0 = Debug|Any CPU
		{6DA86C02-9849-418E-9F3C-B86334955EAB}.Release|Any CPU.ActiveCfg = Release|Any CPU
		{6DA86C02-9849-418E-9F3C-B86334955EAB}.Release|Any CPU.Build.0 = Release|Any CPU
	EndGlobalSection
	GlobalSection(SolutionProperties) = preSolution
		HideSolutionNode = FALSE
	EndGlobalSection
	GlobalSection(TeamFoundationVersionControl) = preSolution
		SccNumberOfProjects = 2
		SccEnterpriseProvider = {4CA58AB2-18FA-4F8D-95D4-32DDF27D184C}
		SccTeamFoundationServer = https://sunnygb.visualstudio.com/defaultcollection
		SccLocalPath0 = .
		SccProjectUniqueName1 = Clinical\u0020Reporting\\Clinical\u0020Reporting.csproj
		SccProjectName1 = Clinical\u0020Reporting
		SccLocalPath1 = Clinical\u0020Reporting
	EndGlobalSection
EndGlobal
